
Microsoft Visual Studio Solution File, Format Version 12.00
# Visual Studio Version 17
VisualStudioVersion = 17.12.35707.178
MinimumVisualStudioVersion = 10.0.40219.1
Project("{FAE04EC0-301F-11D3-BF4B-00C04F79EFBC}") = "DBEntity", "DBEntity\DBEntity.csproj", "{67C59EE0-9AEC-4709-BDF2-B06B895AF563}"
EndProject
Global
	GlobalSection(SolutionConfigurationPlatforms) = preSolution
		Debug|Any CPU = Debug|Any CPU
		Release|Any CPU = Release|Any CPU
	EndGlobalSection
	GlobalSection(ProjectConfigurationPlatforms) = postSolution
		{67C59EE0-9AEC-4709-BDF2-B06B895AF563}.Debug|Any CPU.ActiveCfg = Debug|Any CPU
		{67C59EE0-9AEC-4709-BDF2-B06B895AF563}.Debug|Any CPU.Build.0 = Debug|Any CPU
		{67C59EE0-9AEC-4709-BDF2-B06B895AF563}.Release|Any CPU.ActiveCfg = Release|Any CPU
		{67C59EE0-9AEC-4709-BDF2-B06B895AF563}.Release|Any CPU.Build.0 = Release|Any CPU
	EndGlobalSection
	GlobalSection(SolutionProperties) = preSolution
		HideSolutionNode = FALSE
	EndGlobalSection
EndGlobal
